// !$*UTF8*$!
{
	archiveVersion = 1;
	classes = {
	};
	objectVersion = 56;
	objects = {

/* Begin PBXBuildFile section */
		5734B9252B553379007D19C4 /* AppDelegate.swift in Sources */ = {isa = PBXBuildFile; fileRef = 5734B9242B553379007D19C4 /* AppDelegate.swift */; };
		5734B9272B553379007D19C4 /* SceneDelegate.swift in Sources */ = {isa = PBXBuildFile; fileRef = 5734B9262B553379007D19C4 /* SceneDelegate.swift */; };
		5734B9292B553379007D19C4 /* ViewController.swift in Sources */ = {isa = PBXBuildFile; fileRef = 5734B9282B553379007D19C4 /* ViewController.swift */; };
		5734B92C2B553379007D19C4 /* Main.storyboard in Resources */ = {isa = PBXBuildFile; fileRef = 5734B92A2B553379007D19C4 /* Main.storyboard */; };
		5734B92E2B55337C007D19C4 /* Assets.xcassets in Resources */ = {isa = PBXBuildFile; fileRef = 5734B92D2B55337C007D19C4 /* Assets.xcassets */; };
		5734B9312B55337C007D19C4 /* LaunchScreen.storyboard in Resources */ = {isa = PBXBuildFile; fileRef = 5734B92F2B55337C007D19C4 /* LaunchScreen.storyboard */; };
		5734B93C2B55337C007D19C4 /* _x4_gameTests.swift in Sources */ = {isa = PBXBuildFile; fileRef = 5734B93B2B55337C007D19C4 /* _x4_gameTests.swift */; };
		5734B9462B55337C007D19C4 /* _x4_gameUITests.swift in Sources */ = {isa = PBXBuildFile; fileRef = 5734B9452B55337C007D19C4 /* _x4_gameUITests.swift */; };
		5734B9482B55337C007D19C4 /* _x4_gameUITestsLaunchTests.swift in Sources */ = {isa = PBXBuildFile; fileRef = 5734B9472B55337C007D19C4 /* _x4_gameUITestsLaunchTests.swift */; };
/* End PBXBuildFile section */

/* Begin PBXContainerItemProxy section */
		5734B9382B55337C007D19C4 /* PBXContainerItemProxy */ = {
			isa = PBXContainerItemProxy;
			containerPortal = 5734B9192B553379007D19C4 /* Project object */;
			proxyType = 1;
			remoteGlobalIDString = 5734B9202B553379007D19C4;
			remoteInfo = "4x4 game";
		};
		5734B9422B55337C007D19C4 /* PBXContainerItemProxy */ = {
			isa = PBXContainerItemProxy;
			containerPortal = 5734B9192B553379007D19C4 /* Project object */;
			proxyType = 1;
			remoteGlobalIDString = 5734B9202B553379007D19C4;
			remoteInfo = "4x4 game";
		};
/* End PBXContainerItemProxy section */

/* Begin PBXFileReference section */
		5734B9212B553379007D19C4 /* 4x4 game.app */ = {isa = PBXFileReference; explicitFileType = wrapper.application; includeInIndex = 0; path = "4x4 game.app"; sourceTree = BUILT_PRODUCTS_DIR; };
		5734B9242B553379007D19C4 /* AppDelegate.swift */ = {isa = PBXFileReference; lastKnownFileType = sourcecode.swift; path = AppDelegate.swift; sourceTree = "<group>"; };
		5734B9262B553379007D19C4 /* SceneDelegate.swift */ = {isa = PBXFileReference; lastKnownFileType = sourcecode.swift; path = SceneDelegate.swift; sourceTree = "<group>"; };
		5734B9282B553379007D19C4 /* ViewController.swift */ = {isa = PBXFileReference; lastKnownFileType = sourcecode.swift; path = ViewController.swift; sourceTree = "<group>"; };
		5734B92B2B553379007D19C4 /* Base */ = {isa = PBXFileReference; lastKnownFileType = file.storyboard; name = Base; path = Base.lproj/Main.storyboard; sourceTree = "<group>"; };
		5734B92D2B55337C007D19C4 /* Assets.xcassets */ = {isa = PBXFileReference; lastKnownFileType = folder.assetcatalog; path = Assets.xcassets; sourceTree = "<group>"; };
		5734B9302B55337C007D19C4 /* Base */ = {isa = PBXFileReference; lastKnownFileType = file.storyboard; name = Base; path = Base.lproj/LaunchScreen.storyboard; sourceTree = "<group>"; };
		5734B9322B55337C007D19C4 /* Info.plist */ = {isa = PBXFileReference; lastKnownFileType = text.plist.xml; path = Info.plist; sourceTree = "<group>"; };
		5734B9372B55337C007D19C4 /* 4x4 gameTests.xctest */ = {isa = PBXFileReference; explicitFileType = wrapper.cfbundle; includeInIndex = 0; path = "4x4 gameTests.xctest"; sourceTree = BUILT_PRODUCTS_DIR; };
		5734B93B2B55337C007D19C4 /* _x4_gameTests.swift */ = {isa = PBXFileReference; lastKnownFileType = sourcecode.swift; path = _x4_gameTests.swift; sourceTree = "<group>"; };
		5734B9412B55337C007D19C4 /* 4x4 gameUITests.xctest */ = {isa = PBXFileReference; explicitFileType = wrapper.cfbundle; includeInIndex = 0; path = "4x4 gameUITests.xctest"; sourceTree = BUILT_PRODUCTS_DIR; };
		5734B9452B55337C007D19C4 /* _x4_gameUITests.swift */ = {isa = PBXFileReference; lastKnownFileType = sourcecode.swift; path = _x4_gameUITests.swift; sourceTree = "<group>"; };
		5734B9472B55337C007D19C4 /* _x4_gameUITestsLaunchTests.swift */ = {isa = PBXFileReference; lastKnownFileType = sourcecode.swift; path = _x4_gameUITestsLaunchTests.swift; sourceTree = "<group>"; };
/* End PBXFileReference section */

/* Begin PBXFrameworksBuildPhase section */
		5734B91E2B553379007D19C4 /* Frameworks */ = {
			isa = PBXFrameworksBuildPhase;
			buildActionMask = 2147483647;
			files = (
			);
			runOnlyForDeploymentPostprocessing = 0;
		};
		5734B9342B55337C007D19C4 /* Frameworks */ = {
			isa = PBXFrameworksBuildPhase;
			buildActionMask = 2147483647;
			files = (
			);
			runOnlyForDeploymentPostprocessing = 0;
		};
		5734B93E2B55337C007D19C4 /* Frameworks */ = {
			isa = PBXFrameworksBuildPhase;
			buildActionMask = 2147483647;
			files = (
			);
			runOnlyForDeploymentPostprocessing = 0;
		};
/* End PBXFrameworksBuildPhase section */

/* Begin PBXGroup section */
		5734B9182B553379007D19C4 = {
			isa = PBXGroup;
			children = (
				5734B9232B553379007D19C4 /* 4x4 game */,
				5734B93A2B55337C007D19C4 /* 4x4 gameTests */,
				5734B9442B55337C007D19C4 /* 4x4 gameUITests */,
				5734B9222B553379007D19C4 /* Products */,
			);
			sourceTree = "<group>";
		};
		5734B9222B553379007D19C4 /* Products */ = {
			isa = PBXGroup;
			children = (
				5734B9212B553379007D19C4 /* 4x4 game.app */,
				5734B9372B55337C007D19C4 /* 4x4 gameTests.xctest */,
				5734B9412B55337C007D19C4 /* 4x4 gameUITests.xctest */,
			);
			name = Products;
			sourceTree = "<group>";
		};
		5734B9232B553379007D19C4 /* 4x4 game */ = {
			isa = PBXGroup;
			children = (
				5734B9242B553379007D19C4 /* AppDelegate.swift */,
				5734B9262B553379007D19C4 /* SceneDelegate.swift */,
				5734B9282B553379007D19C4 /* ViewController.swift */,
				5734B92A2B553379007D19C4 /* Main.storyboard */,
				5734B92D2B55337C007D19C4 /* Assets.xcassets */,
				5734B92F2B55337C007D19C4 /* LaunchScreen.storyboard */,
				5734B9322B55337C007D19C4 /* Info.plist */,
			);
			path = "4x4 game";
			sourceTree = "<group>";
		};
		5734B93A2B55337C007D19C4 /* 4x4 gameTests */ = {
			isa = PBXGroup;
			children = (
				5734B93B2B55337C007D19C4 /* _x4_gameTests.swift */,
			);
			path = "4x4 gameTests";
			sourceTree = "<group>";
		};
		5734B9442B55337C007D19C4 /* 4x4 gameUITests */ = {
			isa = PBXGroup;
			children = (
				5734B9452B55337C007D19C4 /* _x4_gameUITests.swift */,
				5734B9472B55337C007D19C4 /* _x4_gameUITestsLaunchTests.swift */,
			);
			path = "4x4 gameUITests";
			sourceTree = "<group>";
		};
/* End PBXGroup section */

/* Begin PBXNativeTarget section */
		5734B9202B553379007D19C4 /* 4x4 game */ = {
			isa = PBXNativeTarget;
			buildConfigurationList = 5734B94B2B55337C007D19C4 /* Build configuration list for PBXNativeTarget "4x4 game" */;
			buildPhases = (
				5734B91D2B553379007D19C4 /* Sources */,
				5734B91E2B553379007D19C4 /* Frameworks */,
				5734B91F2B553379007D19C4 /* Resources */,
			);
			buildRules = (
			);
			dependencies = (
			);
			name = "4x4 game";
			productName = "4x4 game";
			productReference = 5734B9212B553379007D19C4 /* 4x4 game.app */;
			productType = "com.apple.product-type.application";
		};
		5734B9362B55337C007D19C4 /* 4x4 gameTests */ = {
			isa = PBXNativeTarget;
			buildConfigurationList = 5734B94E2B55337C007D19C4 /* Build configuration list for PBXNativeTarget "4x4 gameTests" */;
			buildPhases = (
				5734B9332B55337C007D19C4 /* Sources */,
				5734B9342B55337C007D19C4 /* Frameworks */,
				5734B9352B55337C007D19C4 /* Resources */,
			);
			buildRules = (
			);
			dependencies = (
				5734B9392B55337C007D19C4 /* PBXTargetDependency */,
			);
			name = "4x4 gameTests";
			productName = "4x4 gameTests";
			productReference = 5734B9372B55337C007D19C4 /* 4x4 gameTests.xctest */;
			productType = "com.apple.product-type.bundle.unit-test";
		};
		5734B9402B55337C007D19C4 /* 4x4 gameUITests */ = {
			isa = PBXNativeTarget;
			buildConfigurationList = 5734B9512B55337C007D19C4 /* Build configuration list for PBXNativeTarget "4x4 gameUITests" */;
			buildPhases = (
				5734B93D2B55337C007D19C4 /* Sources */,
				5734B93E2B55337C007D19C4 /* Frameworks */,
				5734B93F2B55337C007D19C4 /* Resources */,
			);
			buildRules = (
			);
			dependencies = (
				5734B9432B55337C007D19C4 /* PBXTargetDependency */,
			);
			name = "4x4 gameUITests";
			productName = "4x4 gameUITests";
			productReference = 5734B9412B55337C007D19C4 /* 4x4 gameUITests.xctest */;
			productType = "com.apple.product-type.bundle.ui-testing";
		};
/* End PBXNativeTarget section */

/* Begin PBXProject section */
		5734B9192B553379007D19C4 /* Project object */ = {
			isa = PBXProject;
			attributes = {
				BuildIndependentTargetsInParallel = 1;
				LastSwiftUpdateCheck = 1430;
				LastUpgradeCheck = 1430;
				TargetAttributes = {
					5734B9202B553379007D19C4 = {
						CreatedOnToolsVersion = 14.3.1;
					};
					5734B9362B55337C007D19C4 = {
						CreatedOnToolsVersion = 14.3.1;
						TestTargetID = 5734B9202B553379007D19C4;
					};
					5734B9402B55337C007D19C4 = {
						CreatedOnToolsVersion = 14.3.1;
						TestTargetID = 5734B9202B553379007D19C4;
					};
				};
			};
			buildConfigurationList = 5734B91C2B553379007D19C4 /* Build configuration list for PBXProject "4x4 game" */;
			compatibilityVersion = "Xcode 14.0";
			developmentRegion = en;
			hasScannedForEncodings = 0;
			knownRegions = (
				en,
				Base,
			);
			mainGroup = 5734B9182B553379007D19C4;
			productRefGroup = 5734B9222B553379007D19C4 /* Products */;
			projectDirPath = "";
			projectRoot = "";
			targets = (
				5734B9202B553379007D19C4 /* 4x4 game */,
				5734B9362B55337C007D19C4 /* 4x4 gameTests */,
				5734B9402B55337C007D19C4 /* 4x4 gameUITests */,
			);
		};
/* End PBXProject section */

/* Begin PBXResourcesBuildPhase section */
		5734B91F2B553379007D19C4 /* Resources */ = {
			isa = PBXResourcesBuildPhase;
			buildActionMask = 2147483647;
			files = (
				5734B9312B55337C007D19C4 /* LaunchScreen.storyboard in Resources */,
				5734B92E2B55337C007D19C4 /* Assets.xcassets in Resources */,
				5734B92C2B553379007D19C4 /* Main.storyboard in Resources */,
			);
			runOnlyForDeploymentPostprocessing = 0;
		};
		5734B9352B55337C007D19C4 /* Resources */ = {
			isa = PBXResourcesBuildPhase;
			buildActionMask = 2147483647;
			files = (
			);
			runOnlyForDeploymentPostprocessing = 0;
		};
		5734B93F2B55337C007D19C4 /* Resources */ = {
			isa = PBXResourcesBuildPhase;
			buildActionMask = 2147483647;
			files = (
			);
			runOnlyForDeploymentPostprocessing = 0;
		};
/* End PBXResourcesBuildPhase section */

/* Begin PBXSourcesBuildPhase section */
		5734B91D2B553379007D19C4 /* Sources */ = {
			isa = PBXSourcesBuildPhase;
			buildActionMask = 2147483647;
			files = (
				5734B9292B553379007D19C4 /* ViewController.swift in Sources */,
				5734B9252B553379007D19C4 /* AppDelegate.swift in Sources */,
				5734B9272B553379007D19C4 /* SceneDelegate.swift in Sources */,
			);
			runOnlyForDeploymentPostprocessing = 0;
		};
		5734B9332B55337C007D19C4 /* Sources */ = {
			isa = PBXSourcesBuildPhase;
			buildActionMask = 2147483647;
			files = (
				5734B93C2B55337C007D19C4 /* _x4_gameTests.swift in Sources */,
			);
			runOnlyForDeploymentPostprocessing = 0;
		};
		5734B93D2B55337C007D19C4 /* Sources */ = {
			isa = PBXSourcesBuildPhase;
			buildActionMask = 2147483647;
			files = (
				5734B9482B55337C007D19C4 /* _x4_gameUITestsLaunchTests.swift in Sources */,
				5734B9462B55337C007D19C4 /* _x4_gameUITests.swift in Sources */,
			);
			runOnlyForDeploymentPostprocessing = 0;
		};
/* End PBXSourcesBuildPhase section */

/* Begin PBXTargetDependency section */
		5734B9392B55337C007D19C4 /* PBXTargetDependency */ = {
			isa = PBXTargetDependency;
			target = 5734B9202B553379007D19C4 /* 4x4 game */;
			targetProxy = 5734B9382B55337C007D19C4 /* PBXContainerItemProxy */;
		};
		5734B9432B55337C007D19C4 /* PBXTargetDependency */ = {
			isa = PBXTargetDependency;
			target = 5734B9202B553379007D19C4 /* 4x4 game */;
			targetProxy = 5734B9422B55337C007D19C4 /* PBXContainerItemProxy */;
		};
/* End PBXTargetDependency section */

/* Begin PBXVariantGroup section */
		5734B92A2B553379007D19C4 /* Main.storyboard */ = {
			isa = PBXVariantGroup;
			children = (
				5734B92B2B553379007D19C4 /* Base */,
			);
			name = Main.storyboard;
			sourceTree = "<group>";
		};
		5734B92F2B55337C007D19C4 /* LaunchScreen.storyboard */ = {
			isa = PBXVariantGroup;
			children = (
				5734B9302B55337C007D19C4 /* Base */,
			);
			name = LaunchScreen.storyboard;
			sourceTree = "<group>";
		};
/* End PBXVariantGroup section */

/* Begin XCBuildConfiguration section */
		5734B9492B55337C007D19C4 /* Debug */ = {
			isa = XCBuildConfiguration;
			buildSettings = {
				ALWAYS_SEARCH_USER_PATHS = NO;
				CLANG_ANALYZER_NONNULL = YES;
				CLANG_ANALYZER_NUMBER_OBJECT_CONVERSION = YES_AGGRESSIVE;
				CLANG_CXX_LANGUAGE_STANDARD = "gnu++20";
				CLANG_ENABLE_MODULES = YES;
				CLANG_ENABLE_OBJC_ARC = YES;
				CLANG_ENABLE_OBJC_WEAK = YES;
				CLANG_WARN_BLOCK_CAPTURE_AUTORELEASING = YES;
				CLANG_WARN_BOOL_CONVERSION = YES;
				CLANG_WARN_COMMA = YES;
				CLANG_WARN_CONSTANT_CONVERSION = YES;
				CLANG_WARN_DEPRECATED_OBJC_IMPLEMENTATIONS = YES;
				CLANG_WARN_DIRECT_OBJC_ISA_USAGE = YES_ERROR;
				CLANG_WARN_DOCUMENTATION_COMMENTS = YES;
				CLANG_WARN_EMPTY_BODY = YES;
				CLANG_WARN_ENUM_CONVERSION = YES;
				CLANG_WARN_INFINITE_RECURSION = YES;
				CLANG_WARN_INT_CONVERSION = YES;
				CLANG_WARN_NON_LITERAL_NULL_CONVERSION = YES;
				CLANG_WARN_OBJC_IMPLICIT_RETAIN_SELF = YES;
				CLANG_WARN_OBJC_LITERAL_CONVERSION = YES;
				CLANG_WARN_OBJC_ROOT_CLASS = YES_ERROR;
				CLANG_WARN_QUOTED_INCLUDE_IN_FRAMEWORK_HEADER = YES;
				CLANG_WARN_RANGE_LOOP_ANALYSIS = YES;
				CLANG_WARN_STRICT_PROTOTYPES = YES;
				CLANG_WARN_SUSPICIOUS_MOVE = YES;
				CLANG_WARN_UNGUARDED_AVAILABILITY = YES_AGGRESSIVE;
				CLANG_WARN_UNREACHABLE_CODE = YES;
				CLANG_WARN__DUPLICATE_METHOD_MATCH = YES;
				COPY_PHASE_STRIP = NO;
				DEBUG_INFORMATION_FORMAT = dwarf;
				ENABLE_STRICT_OBJC_MSGSEND = YES;
				ENABLE_TESTABILITY = YES;
				GCC_C_LANGUAGE_STANDARD = gnu11;
				GCC_DYNAMIC_NO_PIC = NO;
				GCC_NO_COMMON_BLOCKS = YES;
				GCC_OPTIMIZATION_LEVEL = 0;
				GCC_PREPROCESSOR_DEFINITIONS = (
					"DEBUG=1",
					"$(inherited)",
				);
				GCC_WARN_64_TO_32_BIT_CONVERSION = YES;
				GCC_WARN_ABOUT_RETURN_TYPE = YES_ERROR;
				GCC_WARN_UNDECLARED_SELECTOR = YES;
				GCC_WARN_UNINITIALIZED_AUTOS = YES_AGGRESSIVE;
				GCC_WARN_UNUSED_FUNCTION = YES;
				GCC_WARN_UNUSED_VARIABLE = YES;
				IPHONEOS_DEPLOYMENT_TARGET = 16.4;
				MTL_ENABLE_DEBUG_INFO = INCLUDE_SOURCE;
				MTL_FAST_MATH = YES;
				ONLY_ACTIVE_ARCH = YES;
				SDKROOT = iphoneos;
				SWIFT_ACTIVE_COMPILATION_CONDITIONS = DEBUG;
				SWIFT_OPTIMIZATION_LEVEL = "-Onone";
			};
			name = Debug;
		};
		5734B94A2B55337C007D19C4 /* Release */ = {
			isa = XCBuildConfiguration;
			buildSettings = {
				ALWAYS_SEARCH_USER_PATHS = NO;
				CLANG_ANALYZER_NONNULL = YES;
				CLANG_ANALYZER_NUMBER_OBJECT_CONVERSION = YES_AGGRESSIVE;
				CLANG_CXX_LANGUAGE_STANDARD = "gnu++20";
				CLANG_ENABLE_MODULES = YES;
				CLANG_ENABLE_OBJC_ARC = YES;
				CLANG_ENABLE_OBJC_WEAK = YES;
				CLANG_WARN_BLOCK_CAPTURE_AUTORELEASING = YES;
				CLANG_WARN_BOOL_CONVERSION = YES;
				CLANG_WARN_COMMA = YES;
				CLANG_WARN_CONSTANT_CONVERSION = YES;
				CLANG_WARN_DEPRECATED_OBJC_IMPLEMENTATIONS = YES;
				CLANG_WARN_DIRECT_OBJC_ISA_USAGE = YES_ERROR;
				CLANG_WARN_DOCUMENTATION_COMMENTS = YES;
				CLANG_WARN_EMPTY_BODY = YES;
				CLANG_WARN_ENUM_CONVERSION = YES;
				CLANG_WARN_INFINITE_RECURSION = YES;
				CLANG_WARN_INT_CONVERSION = YES;
				CLANG_WARN_NON_LITERAL_NULL_CONVERSION = YES;
				CLANG_WARN_OBJC_IMPLICIT_RETAIN_SELF = YES;
				CLANG_WARN_OBJC_LITERAL_CONVERSION = YES;
				CLANG_WARN_OBJC_ROOT_CLASS = YES_ERROR;
				CLANG_WARN_QUOTED_INCLUDE_IN_FRAMEWORK_HEADER = YES;
				CLANG_WARN_RANGE_LOOP_ANALYSIS = YES;
				CLANG_WARN_STRICT_PROTOTYPES = YES;
				CLANG_WARN_SUSPICIOUS_MOVE = YES;
				CLANG_WARN_UNGUARDED_AVAILABILITY = YES_AGGRESSIVE;
				CLANG_WARN_UNREACHABLE_CODE = YES;
				CLANG_WARN__DUPLICATE_METHOD_MATCH = YES;
				COPY_PHASE_STRIP = NO;
				DEBUG_INFORMATION_FORMAT = "dwarf-with-dsym";
				ENABLE_NS_ASSERTIONS = NO;
				ENABLE_STRICT_OBJC_MSGSEND = YES;
				GCC_C_LANGUAGE_STANDARD = gnu11;
				GCC_NO_COMMON_BLOCKS = YES;
				GCC_WARN_64_TO_32_BIT_CONVERSION = YES;
				GCC_WARN_ABOUT_RETURN_TYPE = YES_ERROR;
				GCC_WARN_UNDECLARED_SELECTOR = YES;
				GCC_WARN_UNINITIALIZED_AUTOS = YES_AGGRESSIVE;
				GCC_WARN_UNUSED_FUNCTION = YES;
				GCC_WARN_UNUSED_VARIABLE = YES;
				IPHONEOS_DEPLOYMENT_TARGET = 16.4;
				MTL_ENABLE_DEBUG_INFO = NO;
				MTL_FAST_MATH = YES;
				SDKROOT = iphoneos;
				SWIFT_COMPILATION_MODE = wholemodule;
				SWIFT_OPTIMIZATION_LEVEL = "-O";
				VALIDATE_PRODUCT = YES;
			};
			name = Release;
		};
		5734B94C2B55337C007D19C4 /* Debug */ = {
			isa = XCBuildConfiguration;
			buildSettings = {
				ASSETCATALOG_COMPILER_APPICON_NAME = AppIcon;
				ASSETCATALOG_COMPILER_GLOBAL_ACCENT_COLOR_NAME = AccentColor;
				CODE_SIGN_STYLE = Automatic;
				CURRENT_PROJECT_VERSION = 1;
				DEVELOPMENT_TEAM = 94KP66JJL5;
				GENERATE_INFOPLIST_FILE = YES;
				INFOPLIST_FILE = "4x4 game/Info.plist";
				INFOPLIST_KEY_UIApplicationSupportsIndirectInputEvents = YES;
				INFOPLIST_KEY_UILaunchStoryboardName = LaunchScreen;
				INFOPLIST_KEY_UIMainStoryboardFile = Main;
				INFOPLIST_KEY_UISupportedInterfaceOrientations_iPad = "UIInterfaceOrientationPortrait UIInterfaceOrientationPortraitUpsideDown UIInterfaceOrientationLandscapeLeft UIInterfaceOrientationLandscapeRight";
				INFOPLIST_KEY_UISupportedInterfaceOrientations_iPhone = "UIInterfaceOrientationPortrait UIInterfaceOrientationLandscapeLeft UIInterfaceOrientationLandscapeRight";
				LD_RUNPATH_SEARCH_PATHS = (
					"$(inherited)",
					"@executable_path/Frameworks",
				);
				MARKETING_VERSION = 1.0;
				PRODUCT_BUNDLE_IDENTIFIER = "kz.akmakass.-x4-game";
				PRODUCT_NAME = "$(TARGET_NAME)";
				SWIFT_EMIT_LOC_STRINGS = YES;
				SWIFT_VERSION = 5.0;
				TARGETED_DEVICE_FAMILY = "1,2";
			};
			name = Debug;
		};
		5734B94D2B55337C007D19C4 /* Release */ = {
			isa = XCBuildConfiguration;
			buildSettings = {
				ASSETCATALOG_COMPILER_APPICON_NAME = AppIcon;
				ASSETCATALOG_COMPILER_GLOBAL_ACCENT_COLOR_NAME = AccentColor;
				CODE_SIGN_STYLE = Automatic;
				CURRENT_PROJECT_VERSION = 1;
				DEVELOPMENT_TEAM = 94KP66JJL5;
				GENERATE_INFOPLIST_FILE = YES;
				INFOPLIST_FILE = "4x4 game/Info.plist";
				INFOPLIST_KEY_UIApplicationSupportsIndirectInputEvents = YES;
				INFOPLIST_KEY_UILaunchStoryboardName = LaunchScreen;
				INFOPLIST_KEY_UIMainStoryboardFile = Main;
				INFOPLIST_KEY_UISupportedInterfaceOrientations_iPad = "UIInterfaceOrientationPortrait UIInterfaceOrientationPortraitUpsideDown UIInterfaceOrientationLandscapeLeft UIInterfaceOrientationLandscapeRight";
				INFOPLIST_KEY_UISupportedInterfaceOrientations_iPhone = "UIInterfaceOrientationPortrait UIInterfaceOrientationLandscapeLeft UIInterfaceOrientationLandscapeRight";
				LD_RUNPATH_SEARCH_PATHS = (
					"$(inherited)",
					"@executable_path/Frameworks",
				);
				MARKETING_VERSION = 1.0;
				PRODUCT_BUNDLE_IDENTIFIER = "kz.akmakass.-x4-game";
				PRODUCT_NAME = "$(TARGET_NAME)";
				SWIFT_EMIT_LOC_STRINGS = YES;
				SWIFT_VERSION = 5.0;
				TARGETED_DEVICE_FAMILY = "1,2";
			};
			name = Release;
		};
		5734B94F2B55337C007D19C4 /* Debug */ = {
			isa = XCBuildConfiguration;
			buildSettings = {
				ALWAYS_EMBED_SWIFT_STANDARD_LIBRARIES = YES;
				BUNDLE_LOADER = "$(TEST_HOST)";
				CODE_SIGN_STYLE = Automatic;
				CURRENT_PROJECT_VERSION = 1;
				DEVELOPMENT_TEAM = 94KP66JJL5;
				GENERATE_INFOPLIST_FILE = YES;
				IPHONEOS_DEPLOYMENT_TARGET = 16.4;
				MARKETING_VERSION = 1.0;
				PRODUCT_BUNDLE_IDENTIFIER = "kz.akmakass.-x4-gameTests";
				PRODUCT_NAME = "$(TARGET_NAME)";
				SWIFT_EMIT_LOC_STRINGS = NO;
				SWIFT_VERSION = 5.0;
				TARGETED_DEVICE_FAMILY = "1,2";
				TEST_HOST = "$(BUILT_PRODUCTS_DIR)/4x4 game.app/$(BUNDLE_EXECUTABLE_FOLDER_PATH)/4x4 game";
			};
			name = Debug;
		};
		5734B9502B55337C007D19C4 /* Release */ = {
			isa = XCBuildConfiguration;
			buildSettings = {
				ALWAYS_EMBED_SWIFT_STANDARD_LIBRARIES = YES;
				BUNDLE_LOADER = "$(TEST_HOST)";
				CODE_SIGN_STYLE = Automatic;
				CURRENT_PROJECT_VERSION = 1;
				DEVELOPMENT_TEAM = 94KP66JJL5;
				GENERATE_INFOPLIST_FILE = YES;
				IPHONEOS_DEPLOYMENT_TARGET = 16.4;
				MARKETING_VERSION = 1.0;
				PRODUCT_BUNDLE_IDENTIFIER = "kz.akmakass.-x4-gameTests";
				PRODUCT_NAME = "$(TARGET_NAME)";
				SWIFT_EMIT_LOC_STRINGS = NO;
				SWIFT_VERSION = 5.0;
				TARGETED_DEVICE_FAMILY = "1,2";
				TEST_HOST = "$(BUILT_PRODUCTS_DIR)/4x4 game.app/$(BUNDLE_EXECUTABLE_FOLDER_PATH)/4x4 game";
			};
			name = Release;
		};
		5734B9522B55337C007D19C4 /* Debug */ = {
			isa = XCBuildConfiguration;
			buildSettings = {
				ALWAYS_EMBED_SWIFT_STANDARD_LIBRARIES = YES;
				CODE_SIGN_STYLE = Automatic;
				CURRENT_PROJECT_VERSION = 1;
				DEVELOPMENT_TEAM = 94KP66JJL5;
				GENERATE_INFOPLIST_FILE = YES;
				MARKETING_VERSION = 1.0;
				PRODUCT_BUNDLE_IDENTIFIER = "kz.akmakass.-x4-gameUITests";
				PRODUCT_NAME = "$(TARGET_NAME)";
				SWIFT_EMIT_LOC_STRINGS = NO;
				SWIFT_VERSION = 5.0;
				TARGETED_DEVICE_FAMILY = "1,2";
				TEST_TARGET_NAME = "4x4 game";
			};
			name = Debug;
		};
		5734B9532B55337C007D19C4 /* Release */ = {
			isa = XCBuildConfiguration;
			buildSettings = {
				ALWAYS_EMBED_SWIFT_STANDARD_LIBRARIES = YES;
				CODE_SIGN_STYLE = Automatic;
				CURRENT_PROJECT_VERSION = 1;
				DEVELOPMENT_TEAM = 94KP66JJL5;
				GENERATE_INFOPLIST_FILE = YES;
				MARKETING_VERSION = 1.0;
				PRODUCT_BUNDLE_IDENTIFIER = "kz.akmakass.-x4-gameUITests";
				PRODUCT_NAME = "$(TARGET_NAME)";
				SWIFT_EMIT_LOC_STRINGS = NO;
				SWIFT_VERSION = 5.0;
				TARGETED_DEVICE_FAMILY = "1,2";
				TEST_TARGET_NAME = "4x4 game";
			};
			name = Release;
		};
/* End XCBuildConfiguration section */

/* Begin XCConfigurationList section */
		5734B91C2B553379007D19C4 /* Build configuration list for PBXProject "4x4 game" */ = {
			isa = XCConfigurationList;
			buildConfigurations = (
				5734B9492B55337C007D19C4 /* Debug */,
				5734B94A2B55337C007D19C4 /* Release */,
			);
			defaultConfigurationIsVisible = 0;
			defaultConfigurationName = Release;
		};
		5734B94B2B55337C007D19C4 /* Build configuration list for PBXNativeTarget "4x4 game" */ = {
			isa = XCConfigurationList;
			buildConfigurations = (
				5734B94C2B55337C007D19C4 /* Debug */,
				5734B94D2B55337C007D19C4 /* Release */,
			);
			defaultConfigurationIsVisible = 0;
			defaultConfigurationName = Release;
		};
		5734B94E2B55337C007D19C4 /* Build configuration list for PBXNativeTarget "4x4 gameTests" */ = {
			isa = XCConfigurationList;
			buildConfigurations = (
				5734B94F2B55337C007D19C4 /* Debug */,
				5734B9502B55337C007D19C4 /* Release */,
			);
			defaultConfigurationIsVisible = 0;
			defaultConfigurationName = Release;
		};
		5734B9512B55337C007D19C4 /* Build configuration list for PBXNativeTarget "4x4 gameUITests" */ = {
			isa = XCConfigurationList;
			buildConfigurations = (
				5734B9522B55337C007D19C4 /* Debug */,
				5734B9532B55337C007D19C4 /* Release */,
			);
			defaultConfigurationIsVisible = 0;
			defaultConfigurationName = Release;
		};
/* End XCConfigurationList section */
	};
	rootObject = 5734B9192B553379007D19C4 /* Project object */;
}
